
Microsoft Visual Studio Solution File, Format Version 12.00
# Visual Studio 15
VisualStudioVersion = 15.0.28307.1525
MinimumVisualStudioVersion = 10.0.40219.1
Project("{FAE04EC0-301F-11D3-BF4B-00C04F79EFBC}") = "POO", "POO\POO.csproj", "{AE238B63-9537-4A4B-A238-74C9461B6697}"
EndProject
Global
	GlobalSection(SolutionConfigurationPlatforms) = preSolution
		Debug|Any CPU = Debug|Any CPU
		Release|Any CPU = Release|Any CPU
	EndGlobalSection
	GlobalSection(ProjectConfigurationPlatforms) = postSolution
		{AE238B63-9537-4A4B-A238-74C9461B6697}.Debug|Any CPU.ActiveCfg = Debug|Any CPU
		{AE238B63-9537-4A4B-A238-74C9461B6697}.Debug|Any CPU.Build.0 = Debug|Any CPU
		{AE238B63-9537-4A4B-A238-74C9461B6697}.Release|Any CPU.ActiveCfg = Release|Any CPU
		{AE238B63-9537-4A4B-A238-74C9461B6697}.Release|Any CPU.Build.0 = Release|Any CPU
	EndGlobalSection
	GlobalSection(SolutionProperties) = preSolution
		HideSolutionNode = FALSE
	EndGlobalSection
	GlobalSection(ExtensibilityGlobals) = postSolution
		SolutionGuid = {67C6A7B8-A402-42AF-B85F-A70F226525B5}
	EndGlobalSection
EndGlobal
